hash: f75ccc6c9c5120052b9a447df39e78ec9c61a7682f72280d09110d023e9b8b33
updated: 2019-04-20T08:01:39.442562399-04:00
imports:
- name: cloud.google.com/go
  version: dd6ac3c5d7099e5e461957b7e2dab0830330fbdc
  subpackages:
  - compute/metadata
  - iam
  - internal
  - internal/optional
  - internal/trace
  - internal/version
  - storage
- name: github.com/aws/aws-sdk-go
  version: 85ae0e8271315ab6e2e7867a01e5de8a0eb45b40
  subpackages:
  - aws
  - aws/awserr
  - aws/awsutil
  - aws/client
  - aws/client/metadata
  - aws/corehandlers
  - aws/credentials
  - aws/credentials/ec2rolecreds
  - aws/credentials/endpointcreds
  - aws/credentials/processcreds
  - aws/credentials/stscreds
  - aws/csm
  - aws/defaults
  - aws/ec2metadata
  - aws/endpoints
  - aws/request
  - aws/session
  - aws/signer/v4
  - internal/ini
  - internal/s3err
  - internal/sdkio
  - internal/sdkrand
  - internal/sdkuri
  - internal/shareddefaults
  - private/protocol
  - private/protocol/eventstream
  - private/protocol/eventstream/eventstreamapi
  - private/protocol/query
  - private/protocol/query/queryutil
  - private/protocol/rest
  - private/protocol/restxml
  - private/protocol/xml/xmlutil
  - service/s3
  - service/sts
- name: github.com/davecgh/go-spew
  version: 782f4967f2dc4564575ca782fe2d04090b5faca8
  subpackages:
  - spew
- name: github.com/evanphx/json-patch
  version: 5858425f75500d40c52783dce87d085a483ce135
- name: github.com/ghodss/yaml
  version: 25d852aebe32c875e9c044af3eef9c7dc6bc777f
- name: github.com/gogo/protobuf
  version: 342cbe0a04158f6dcb03ca0079991a51a4248c02
  subpackages:
  - proto
  - sortkeys
- name: github.com/golang/glog
  version: 23def4e6c14b4da8ac2ed8007337bc5eb5007998
- name: github.com/golang/protobuf
  version: b4deda0973fb4c70b50d226b1af49f3da59f5265
  subpackages:
  - proto
  - protoc-gen-go/descriptor
  - ptypes
  - ptypes/any
  - ptypes/duration
  - ptypes/timestamp
- name: github.com/google/btree
  version: 7d79101e329e5a3adf994758c578dab82b90c017
- name: github.com/google/gofuzz
  version: 44d81051d367757e1c7c6a5a86423ece9afcf63c
- name: github.com/googleapis/gax-go
  version: beaecbbdd8af86aa3acf14180d53828ce69400b2
  subpackages:
  - v2
- name: github.com/googleapis/gnostic
  version: 0c5108395e2debce0d731cf0287ddf7242066aba
  subpackages:
  - OpenAPIv2
  - compiler
  - extensions
- name: github.com/gregjones/httpcache
  version: 787624de3eb7bd915c329cba748687a3b22666a6
  subpackages:
  - diskcache
- name: github.com/hashicorp/golang-lru
  version: a0d98a5f288019575c6d1f4bb1573fef2d1fcdc4
  subpackages:
  - simplelru
- name: github.com/imdario/mergo
  version: 9316a62528ac99aaecb4e47eadd6dc8aa6533d58
- name: github.com/jmespath/go-jmespath
  version: c2b33e8439af944379acbdd9c3a5fe0bc44bd8a5
- name: github.com/json-iterator/go
  version: ab8a2e0c74be9d3be70b3184d9acc634935ded82
- name: github.com/modern-go/concurrent
  version: bacd9c7ef1dd9b15be4a9909b8ac7a4e313eec94
- name: github.com/modern-go/reflect2
  version: 94122c33edd36123c84d5368cfb2b69df93a0ec8
- name: github.com/openshift/api
  version: aae63d5f0f505c45659571ffdbc67ff478ad1ecc
  subpackages:
  - config/v1
  - operator/v1
  - route/v1
- name: github.com/openshift/client-go
  version: 0255926f53935175fe90b8e7672c4c06c17d79e6
  subpackages:
  - config/clientset/versioned
  - config/clientset/versioned/scheme
  - config/clientset/versioned/typed/config/v1
  - config/informers/externalversions
  - config/informers/externalversions/config
  - config/informers/externalversions/config/v1
  - config/informers/externalversions/internalinterfaces
  - config/listers/config/v1
  - route/clientset/versioned
  - route/clientset/versioned/scheme
  - route/clientset/versioned/typed/route/v1
  - route/informers/externalversions
  - route/informers/externalversions/internalinterfaces
  - route/informers/externalversions/route
  - route/informers/externalversions/route/v1
  - route/listers/route/v1
- name: github.com/openshift/installer
  version: 49092083ce354636d63dd25140ba10e113b54452
  subpackages:
  - pkg/ipnet
  - pkg/types
  - pkg/types/aws
  - pkg/types/azure
  - pkg/types/libvirt
  - pkg/types/none
  - pkg/types/openstack
  - pkg/types/vsphere
- name: github.com/openshift/library-go
  version: 4bae0f495ea7919c8a72153bb6a811bc17458c04
  subpackages:
  - pkg/operator/resource/resourceread
- name: github.com/pborman/uuid
  version: ca53cad383cad2479bbba7f7a1a05797ec1386e4
- name: github.com/peterbourgon/diskv
  version: 5f041e8faa004a95c88a202771f4cc3e991971e6
- name: github.com/pkg/errors
  version: 27936f6d90f9c8e1145f11ed52ffffbfdb9e0af7
- name: github.com/spf13/pflag
  version: 583c0c0531f06d5278b7d917446061adc344b5cd
- name: go.opencensus.io
  version: 75c0cca22312e51bfd4fafdbe9197ae399e18b38
  subpackages:
  - internal
  - internal/tagencoding
  - metric/metricdata
  - metric/metricproducer
  - plugin/ochttp
  - plugin/ochttp/propagation/b3
  - resource
  - stats
  - stats/internal
  - stats/view
  - tag
  - trace
  - trace/internal
  - trace/propagation
  - trace/tracestate
- name: golang.org/x/crypto
  version: de0752318171da717af4ce24d0a2e8626afaeb11
  subpackages:
  - ssh/terminal
- name: golang.org/x/net
  version: 0ed95abb35c445290478a5348a7b38bb154135fd
  subpackages:
  - context
  - context/ctxhttp
  - http2
  - http2/hpack
  - idna
  - internal/timeseries
  - lex/httplex
  - trace
- name: golang.org/x/oauth2
  version: 9f3314589c9a9136388751d9adae6b0ed400978a
  subpackages:
  - google
  - internal
  - jws
  - jwt
- name: golang.org/x/sys
  version: e8e3143a4f4a00f1fafef0dd82ba78223281b01b
  subpackages:
  - unix
  - windows
- name: golang.org/x/text
  version: b19bf474d317b857955b12035d2c5acb57ce8b01
  subpackages:
  - secure/bidirule
  - transform
  - unicode/bidi
  - unicode/norm
- name: golang.org/x/time
  version: f51c12702a4d776e4c1fa9b0fabab841babae631
  subpackages:
  - rate
- name: golang.org/x/tools
  version: 685fecacd0a02bd01f374ad779b72456e0cd9f8b
- name: google.golang.org/api
  version: 33b7e862cd15f81bfba1c95a4931360da0fece8c
  subpackages:
  - gensupport
  - googleapi
  - googleapi/internal/uritemplates
  - googleapi/transport
  - internal
  - iterator
  - option
  - storage/v1
  - transport/http
  - transport/http/internal/propagation
- name: google.golang.org/appengine
  version: 54a98f90d1c46b7731eb8fb305d2a321c30ef610
  subpackages:
  - internal
  - internal/app_identity
  - internal/base
  - internal/datastore
  - internal/log
  - internal/modules
  - internal/remote_api
  - internal/urlfetch
  - urlfetch
- name: google.golang.org/genproto
  version: 09f6ed296fc66555a25fe4ce95173148778dfa85
  subpackages:
  - googleapis/api/annotations
  - googleapis/iam/v1
  - googleapis/rpc/code
  - googleapis/rpc/status
- name: google.golang.org/grpc
  version: 8260df7a615398b7d72fa0c431e8acb1cf993606
  subpackages:
  - balancer
  - balancer/base
  - balancer/roundrobin
  - binarylog/grpc_binarylog_v1
  - codes
  - connectivity
  - credentials
  - credentials/internal
  - encoding
  - encoding/proto
  - grpclog
  - internal
  - internal/backoff
  - internal/balancerload
  - internal/binarylog
  - internal/channelz
  - internal/envconfig
  - internal/grpcrand
  - internal/grpcsync
  - internal/syscall
  - internal/transport
  - keepalive
  - metadata
  - naming
  - peer
  - resolver
  - resolver/dns
  - resolver/passthrough
  - stats
  - status
  - tap
- name: gopkg.in/inf.v0
  version: 3887ee99ecf07df5b447e9b00d9c0b2adaa9f3e4
- name: gopkg.in/yaml.v2
  version: 5420a8b6744d3b0345ab293f6fcba19c978f1183
- name: k8s.io/api
  version: 5cb15d34447165a97c76ed5a60e4e99c8a01ecfe
  subpackages:
  - admissionregistration/v1alpha1
  - admissionregistration/v1beta1
  - apps/v1
  - apps/v1beta1
  - apps/v1beta2
  - auditregistration/v1alpha1
  - authentication/v1
  - authentication/v1beta1
  - authorization/v1
  - authorization/v1beta1
  - autoscaling/v1
  - autoscaling/v2beta1
  - autoscaling/v2beta2
  - batch/v1
  - batch/v1beta1
  - batch/v2alpha1
  - certificates/v1beta1
  - coordination/v1beta1
  - core/v1
  - events/v1beta1
  - extensions/v1beta1
  - networking/v1
  - policy/v1beta1
  - rbac/v1
  - rbac/v1alpha1
  - rbac/v1beta1
  - scheduling/v1alpha1
  - scheduling/v1beta1
  - settings/v1alpha1
  - storage/v1
  - storage/v1alpha1
  - storage/v1beta1
- name: k8s.io/apiextensions-apiserver
  version: 3c74db8dd172051b029f91536c681a1b43694809
  repo: https://github.com/openshift/kubernetes-apiextensions-apiserver
  subpackages:
  - pkg/apis/apiextensions
  - pkg/apis/apiextensions/v1beta1
- name: k8s.io/apimachinery
  version: 86fb29eff6288413d76bd8506874fddd9fccdff0
  subpackages:
  - pkg/api/errors
  - pkg/api/meta
  - pkg/api/resource
  - pkg/apis/meta/internalversion
  - pkg/apis/meta/v1
  - pkg/apis/meta/v1/unstructured
  - pkg/apis/meta/v1beta1
  - pkg/conversion
  - pkg/conversion/queryparams
  - pkg/fields
  - pkg/labels
  - pkg/runtime
  - pkg/runtime/schema
  - pkg/runtime/serializer
  - pkg/runtime/serializer/json
  - pkg/runtime/serializer/protobuf
  - pkg/runtime/serializer/recognizer
  - pkg/runtime/serializer/streaming
  - pkg/runtime/serializer/versioning
  - pkg/selection
  - pkg/types
  - pkg/util/cache
  - pkg/util/clock
  - pkg/util/diff
  - pkg/util/errors
  - pkg/util/framer
  - pkg/util/intstr
  - pkg/util/json
  - pkg/util/mergepatch
  - pkg/util/naming
  - pkg/util/net
  - pkg/util/rand
  - pkg/util/runtime
  - pkg/util/sets
  - pkg/util/strategicpatch
  - pkg/util/uuid
  - pkg/util/validation
  - pkg/util/validation/field
  - pkg/util/wait
  - pkg/util/yaml
  - pkg/version
  - pkg/watch
  - third_party/forked/golang/json
  - third_party/forked/golang/reflect
- name: k8s.io/client-go
  version: b40b2a5939e43f7ffe0028ad67586b7ce50bb675
  subpackages:
  - discovery
  - discovery/fake
  - informers
  - informers/admissionregistration
  - informers/admissionregistration/v1alpha1
  - informers/admissionregistration/v1beta1
  - informers/apps
  - informers/apps/v1
  - informers/apps/v1beta1
  - informers/apps/v1beta2
  - informers/auditregistration
  - informers/auditregistration/v1alpha1
  - informers/autoscaling
  - informers/autoscaling/v1
  - informers/autoscaling/v2beta1
  - informers/autoscaling/v2beta2
  - informers/batch
  - informers/batch/v1
  - informers/batch/v1beta1
  - informers/batch/v2alpha1
  - informers/certificates
  - informers/certificates/v1beta1
  - informers/coordination
  - informers/coordination/v1beta1
  - informers/core
  - informers/core/v1
  - informers/events
  - informers/events/v1beta1
  - informers/extensions
  - informers/extensions/v1beta1
  - informers/internalinterfaces
  - informers/networking
  - informers/networking/v1
  - informers/policy
  - informers/policy/v1beta1
  - informers/rbac
  - informers/rbac/v1
  - informers/rbac/v1alpha1
  - informers/rbac/v1beta1
  - informers/scheduling
  - informers/scheduling/v1alpha1
  - informers/scheduling/v1beta1
  - informers/settings
  - informers/settings/v1alpha1
  - informers/storage
  - informers/storage/v1
  - informers/storage/v1alpha1
  - informers/storage/v1beta1
  - kubernetes
  - kubernetes/scheme
  - kubernetes/typed/admissionregistration/v1alpha1
  - kubernetes/typed/admissionregistration/v1beta1
  - kubernetes/typed/apps/v1
  - kubernetes/typed/apps/v1beta1
  - kubernetes/typed/apps/v1beta2
  - kubernetes/typed/auditregistration/v1alpha1
  - kubernetes/typed/authentication/v1
  - kubernetes/typed/authentication/v1beta1
  - kubernetes/typed/authorization/v1
  - kubernetes/typed/authorization/v1beta1
  - kubernetes/typed/autoscaling/v1
  - kubernetes/typed/autoscaling/v2beta1
  - kubernetes/typed/autoscaling/v2beta2
  - kubernetes/typed/batch/v1
  - kubernetes/typed/batch/v1beta1
  - kubernetes/typed/batch/v2alpha1
  - kubernetes/typed/certificates/v1beta1
  - kubernetes/typed/coordination/v1beta1
  - kubernetes/typed/core/v1
  - kubernetes/typed/events/v1beta1
  - kubernetes/typed/extensions/v1beta1
  - kubernetes/typed/networking/v1
  - kubernetes/typed/policy/v1beta1
  - kubernetes/typed/rbac/v1
  - kubernetes/typed/rbac/v1alpha1
  - kubernetes/typed/rbac/v1beta1
  - kubernetes/typed/scheduling/v1alpha1
  - kubernetes/typed/scheduling/v1beta1
  - kubernetes/typed/settings/v1alpha1
  - kubernetes/typed/storage/v1
  - kubernetes/typed/storage/v1alpha1
  - kubernetes/typed/storage/v1beta1
  - listers/admissionregistration/v1alpha1
  - listers/admissionregistration/v1beta1
  - listers/apps/v1
  - listers/apps/v1beta1
  - listers/apps/v1beta2
  - listers/auditregistration/v1alpha1
  - listers/autoscaling/v1
  - listers/autoscaling/v2beta1
  - listers/autoscaling/v2beta2
  - listers/batch/v1
  - listers/batch/v1beta1
  - listers/batch/v2alpha1
  - listers/certificates/v1beta1
  - listers/coordination/v1beta1
  - listers/core/v1
  - listers/events/v1beta1
  - listers/extensions/v1beta1
  - listers/networking/v1
  - listers/policy/v1beta1
  - listers/rbac/v1
  - listers/rbac/v1alpha1
  - listers/rbac/v1beta1
  - listers/scheduling/v1alpha1
  - listers/scheduling/v1beta1
  - listers/settings/v1alpha1
  - listers/storage/v1
  - listers/storage/v1alpha1
  - listers/storage/v1beta1
  - pkg/apis/clientauthentication
  - pkg/apis/clientauthentication/v1alpha1
  - pkg/apis/clientauthentication/v1beta1
  - pkg/version
  - plugin/pkg/client/auth/exec
  - plugin/pkg/client/auth/gcp
  - rest
  - rest/watch
  - testing
  - third_party/forked/golang/template
  - tools/auth
  - tools/cache
  - tools/clientcmd
  - tools/clientcmd/api
  - tools/clientcmd/api/latest
  - tools/clientcmd/api/v1
  - tools/metrics
  - tools/pager
  - tools/reference
  - transport
  - util/buffer
  - util/cert
  - util/connrotation
  - util/flowcontrol
  - util/homedir
  - util/integer
  - util/jsonpath
  - util/retry
  - util/workqueue
- name: k8s.io/code-generator
  version: c2090bec4d9b1fb25de3812f868accc2bc9ecbae
- name: k8s.io/gengo
  version: e17681d19d3ac4837a019ece36c2a0ec31ffe985
  subpackages:
  - args
- name: k8s.io/klog
  version: 8139d8cb77af419532b33dfa7dd09fbc5f1d344f
- name: k8s.io/kube-openapi
  version: c59034cc13d587f5ef4e85ca0ade0c1866ae8e1d
  subpackages:
  - pkg/util/proto
- name: sigs.k8s.io/yaml
  version: fd68e9863619f6ec2fdd8625fe1f02e7c877e480
testImports: []
